<?xml version="1.0" encoding="utf-8"?>
<Project ToolsVersion="4.0" xmlns="http://schemas.microsoft.com/developer/msbuild/2003">
  <ItemGroup>
    <Filter Include="Source Files">
      <UniqueIdentifier>{4FC737F1-C7A5-4376-A066-2A32D752A2FF}</UniqueIdentifier>
      <Extensions>cpp;c;cc;cxx;c++;cppm;ixx;def;odl;idl;hpj;bat;asm;asmx</Extensions>
    </Filter>
    <Filter Include="Header Files">
      <UniqueIdentifier>{93995380-89BD-4b04-88EB-625FBE52EBFB}</UniqueIdentifier>
      <Extensions>h;hh;hpp;hxx;h++;hm;inl;inc;ipp;xsd</Extensions>
    </Filter>
    <Filter Include="Resource Files">
      <UniqueIdentifier>{67DA6AB6-F800-4c08-8B7A-83BB121AAD01}</UniqueIdentifier>
      <Extensions>rc;ico;cur;bmp;dlg;rc2;rct;bin;rgs;gif;jpg;jpeg;jpe;resx;tiff;tif;png;wav;mfcribbon-ms</Extensions>
    </Filter>
    <Filter Include="Source Files\images">
      <UniqueIdentifier>{7d8343ad-9c02-47f9-ac5a-cd57492c498f}</UniqueIdentifier>
    </Filter>
  </ItemGroup>
  <ItemGroup>
    <ClCompile Include="Source.cpp">
      <Filter>Source Files</Filter>
    </ClCompile>
  </ItemGroup>
  <ItemGroup>
    <ClInclude Include="D:\Downloads\Linux\16_Games\14 Chess\Connector.hpp">
      <Filter>Header Files</Filter>
    </ClInclude>
  </ItemGroup>
  <ItemGroup>
    <None Include="D:\Downloads\Linux\16_Games\14 Chess\stockfish.exe" />
  </ItemGroup>
  <ItemGroup>
    <Image Include="D:\Downloads\Linux\16_Games\14 Chess\images\board.png">
      <Filter>Source Files\images</Filter>
    </Image>
    <Image Include="D:\Downloads\Linux\16_Games\14 Chess\images\board0.png">
      <Filter>Source Files\images</Filter>
    </Image>
    <Image Include="D:\Downloads\Linux\16_Games\14 Chess\images\figure.png">
      <Filter>Source Files\images</Filter>
    </Image>
    <Image Include="D:\Downloads\Windows\boardtest.jpeg">
      <Filter>Source Files\images</Filter>
    </Image>
    <Image Include="D:\Downloads\Windows\94205495-seamless-modern-black-and-white-chess-board-background-design-vector-illustration-eps10.jpg">
      <Filter>Source Files\images</Filter>
    </Image>
  </ItemGroup>
  <ItemGroup>
    <Text Include="Text.txt">
      <Filter>Resource Files</Filter>
    </Text>
  </ItemGroup>
</Project>